
Microsoft Visual Studio Solution File, Format Version 12.00
# Visual Studio Version 17
VisualStudioVersion = 17.5.002.0
MinimumVisualStudioVersion = 10.0.40219.1
Project("{9A19103F-16F7-4668-BE54-9A1E7A4F7556}") = "ConsoleTest", "ConsoleTest.csproj", "{26E8D9F6-7C87-4B8E-9117-11217BD79225}"
EndProject
Global
	GlobalSection(SolutionConfigurationPlatforms) = preSolution
		Debug|Any CPU = Debug|Any CPU
		Release|Any CPU = Release|Any CPU
	EndGlobalSection
	GlobalSection(ProjectConfigurationPlatforms) = postSolution
		{26E8D9F6-7C87-4B8E-9117-11217BD79225}.Debug|Any CPU.ActiveCfg = Debug|Any CPU
		{26E8D9F6-7C87-4B8E-9117-11217BD79225}.Debug|Any CPU.Build.0 = Debug|Any CPU
		{26E8D9F6-7C87-4B8E-9117-11217BD79225}.Release|Any CPU.ActiveCfg = Release|Any CPU
		{26E8D9F6-7C87-4B8E-9117-11217BD79225}.Release|Any CPU.Build.0 = Release|Any CPU
	EndGlobalSection
	GlobalSection(SolutionProperties) = preSolution
		HideSolutionNode = FALSE
	EndGlobalSection
	GlobalSection(ExtensibilityGlobals) = postSolution
		SolutionGuid = {C66F9B5C-00D0-40B9-91E3-5C2D1789A71C}
	EndGlobalSection
EndGlobal
